hash: 34c5ae339bbdf0379ac77c08b054dd91161b0cf0e1c1da4aeddfd6d7d77c82bd
updated: 2017-01-11T19:40:19.568438962Z
imports:
- name: github.com/42minutes/go-torrentlookup
  version: 871ae8c315544f74ca89c470d8e3e03ff88b9e2d
- name: github.com/42minutes/go-trakt
  version: d4d1e930d6f73ebb6234bca0f9a53ad702b7d1a8
- name: github.com/abiosoft/ishell
  version: a7612be24192ddf96ba5f1fd5654d2e96a7553c7
- name: github.com/andybalholm/cascadia
  version: 65919c611220063037b1db8eb334acaf17a6d8ea
- name: github.com/cenk/backoff
  version: b02f2bbce11d7ea6b97f282ef1771b0fe2f65ef3
- name: github.com/dancannon/gorethink
  version: 016a1d3b4d15951ab2e39bd3596718ba94d298ba
- name: github.com/flynn/go-shlex
  version: 3f9db97f856818214da2e1057f8ad84803971cff
- name: github.com/fsnotify/fsnotify
  version: 629574ca2a5df945712d3079857300b5e4da0236
- name: github.com/gin-gonic/gin
  version: e2212d40c62a98b388a5eb48ecbdcf88534688ba
  subpackages:
  - binding
  - render
- name: github.com/golang/protobuf
  version: 2402d76f3d41f928c7902a765dfc872356dd3aad
  subpackages:
  - proto
- name: github.com/hailocab/go-hostpool
  version: e80d13ce29ede4452c43dea11e79b9bc8a15b478
- name: github.com/jingweno/go-sawyer
  version: 1999ae5763d678f3ce1112cf1fda7c7e9cf2aadf
  subpackages:
  - hypermedia
  - mediaheader
  - mediatype
- name: github.com/jinzhu/gorm
  version: 5174cc5c242a728b435ea2be8a2f7f998e15429b
  subpackages:
  - dialects/sqlite
- name: github.com/jinzhu/inflection
  version: 74387dc39a75e970e7a3ae6a3386b5bd2e5c5cff
- name: github.com/jtacoma/uritemplates
  version: 307ae868f90f4ee1b73ebe4596e0394237dacce8
- name: github.com/manucorporat/sse
  version: ee05b128a739a0fb76c7ebd3ae4810c1de808d6d
- name: github.com/mattn/go-isatty
  version: 30a891c33c7cde7b02a981314b4228ec99380cca
- name: github.com/mattn/go-sqlite3
  version: e5a3c16c5c1d80b24f633e68aecd6b0702786d3d
- name: github.com/op/go-logging
  version: b2cb9fa56473e98db8caba80237377e83fe44db5
- name: github.com/PuerkitoBio/goquery
  version: 152b1a2c8f5d0340f658bb656032a39b94e52958
- name: github.com/Sirupsen/logrus
  version: 3ec0642a7fb6488f65b06f9040adc67e3990296a
- name: github.com/xyproto/recwatch
  version: 07a9f17aef563117f0826c6372dcc7249c343c54
- name: golang.org/x/crypto
  version: ca7e7f10cb9fd9c1a6ff7f60436c086d73714180
  subpackages:
  - pbkdf2
- name: golang.org/x/net
  version: f315505cf3349909cdf013ea56690da34e96a451
  subpackages:
  - context
  - html
  - html/atom
- name: golang.org/x/oauth2
  version: 25b4fb1468cb89700c7c060cb99f30581a61f5e3
  subpackages:
  - internal
- name: golang.org/x/sys
  version: c200b10b5d5e122be351b67af224adc6128af5bf
  subpackages:
  - unix
- name: google.golang.org/appengine
  version: 46239ca616842c00f41b8cbc6bbf2bd6ffbfcdad
  subpackages:
  - internal
  - internal/base
  - internal/datastore
  - internal/log
  - internal/remote_api
  - internal/urlfetch
  - urlfetch
- name: gopkg.in/dancannon/gorethink.v2
  version: 016a1d3b4d15951ab2e39bd3596718ba94d298ba
  subpackages:
  - encoding
  - ql2
  - types
- name: gopkg.in/fatih/pool.v2
  version: 20a0a429c5f93de45c90f5f09ea297c25e0929b3
- name: gopkg.in/go-playground/validator.v8
  version: c193cecd124b5cc722d7ee5538e945bdb3348435
- name: gopkg.in/readline.v1
  version: 62c6fe6193755f722b8b8788aa7357be55a50ff1
- name: gopkg.in/yaml.v2
  version: a5b47d31c556af34a302ce5d659e6fea44d90de0
testImports:
- name: github.com/davecgh/go-spew
  version: 5215b55f46b2b919f50a1df0eaa5886afe4e3b3d
  subpackages:
  - spew
- name: github.com/pmezard/go-difflib
  version: 792786c7400a136282c1664665ae0a8db921c6c2
  subpackages:
  - difflib
- name: github.com/stretchr/testify
  version: 69483b4bd14f5845b5a1e55bca19e954e827f1d0
  subpackages:
  - assert
  - require
  - suite
